// !$*UTF8*$!
{
	archiveVersion = 1;
	classes = {
	};
	objectVersion = 46;
	objects = {

/* Begin PBXBuildFile section */
		BCD109F91B464C53007E7FEA /* main.m in Sources */ = {isa = PBXBuildFile; fileRef = BCD109F81B464C53007E7FEA /* main.m */; };
		BCD109FC1B464C53007E7FEA /* AppDelegate.m in Sources */ = {isa = PBXBuildFile; fileRef = BCD109FB1B464C53007E7FEA /* AppDelegate.m */; };
		BCD109FE1B464C54007E7FEA /* Images.xcassets in Resources */ = {isa = PBXBuildFile; fileRef = BCD109FD1B464C54007E7FEA /* Images.xcassets */; };
		BCD10A011B464C54007E7FEA /* LaunchScreen.xib in Resources */ = {isa = PBXBuildFile; fileRef = BCD109FF1B464C54007E7FEA /* LaunchScreen.xib */; };
		BCD10A0D1B464C54007E7FEA /* CookBookTests.m in Sources */ = {isa = PBXBuildFile; fileRef = BCD10A0C1B464C54007E7FEA /* CookBookTests.m */; };
/* End PBXBuildFile section */

/* Begin PBXContainerItemProxy section */
		BCD10A071B464C54007E7FEA /* PBXContainerItemProxy */ = {
			isa = PBXContainerItemProxy;
			containerPortal = BCD109EB1B464C53007E7FEA /* Project object */;
			proxyType = 1;
			remoteGlobalIDString = BCD109F21B464C53007E7FEA;
			remoteInfo = CookBook;
		};
/* End PBXContainerItemProxy section */

/* Begin PBXFileReference section */
		BCD109F31B464C53007E7FEA /* CookBook.app */ = {isa = PBXFileReference; explicitFileType = wrapper.application; includeInIndex = 0; path = CookBook.app; sourceTree = BUILT_PRODUCTS_DIR; };
		BCD109F71B464C53007E7FEA /* Info.plist */ = {isa = PBXFileReference; lastKnownFileType = text.plist.xml; path = Info.plist; sourceTree = "<group>"; };
		BCD109F81B464C53007E7FEA /* main.m */ = {isa = PBXFileReference; lastKnownFileType = sourcecode.c.objc; path = main.m; sourceTree = "<group>"; };
		BCD109FA1B464C53007E7FEA /* AppDelegate.h */ = {isa = PBXFileReference; lastKnownFileType = sourcecode.c.h; path = AppDelegate.h; sourceTree = "<group>"; };
		BCD109FB1B464C53007E7FEA /* AppDelegate.m */ = {isa = PBXFileReference; lastKnownFileType = sourcecode.c.objc; path = AppDelegate.m; sourceTree = "<group>"; };
		BCD109FD1B464C54007E7FEA /* Images.xcassets */ = {isa = PBXFileReference; lastKnownFileType = folder.assetcatalog; path = Images.xcassets; sourceTree = "<group>"; };
		BCD10A001B464C54007E7FEA /* Base */ = {isa = PBXFileReference; lastKnownFileType = file.xib; name = Base; path = Base.lproj/LaunchScreen.xib; sourceTree = "<group>"; };
		BCD10A061B464C54007E7FEA /* CookBookTests.xctest */ = {isa = PBXFileReference; explicitFileType = wrapper.cfbundle; includeInIndex = 0; path = CookBookTests.xctest; sourceTree = BUILT_PRODUCTS_DIR; };
		BCD10A0B1B464C54007E7FEA /* Info.plist */ = {isa = PBXFileReference; lastKnownFileType = text.plist.xml; path = Info.plist; sourceTree = "<group>"; };
		BCD10A0C1B464C54007E7FEA /* CookBookTests.m */ = {isa = PBXFileReference; lastKnownFileType = sourcecode.c.objc; path = CookBookTests.m; sourceTree = "<group>"; };
/* End PBXFileReference section */

/* Begin PBXFrameworksBuildPhase section */
		BCD109F01B464C53007E7FEA /* Frameworks */ = {
			isa = PBXFrameworksBuildPhase;
			buildActionMask = 2147483647;
			files = (
			);
			runOnlyForDeploymentPostprocessing = 0;
		};
		BCD10A031B464C54007E7FEA /* Frameworks */ = {
			isa = PBXFrameworksBuildPhase;
			buildActionMask = 2147483647;
			files = (
			);
			runOnlyForDeploymentPostprocessing = 0;
		};
/* End PBXFrameworksBuildPhase section */

/* Begin PBXGroup section */
		BCD109EA1B464C53007E7FEA = {
			isa = PBXGroup;
			children = (
				BCD109F51B464C53007E7FEA /* CookBook */,
				BCD10A091B464C54007E7FEA /* CookBookTests */,
				BCD109F41B464C53007E7FEA /* Products */,
			);
			sourceTree = "<group>";
		};
		BCD109F41B464C53007E7FEA /* Products */ = {
			isa = PBXGroup;
			children = (
				BCD109F31B464C53007E7FEA /* CookBook.app */,
				BCD10A061B464C54007E7FEA /* CookBookTests.xctest */,
			);
			name = Products;
			sourceTree = "<group>";
		};
		BCD109F51B464C53007E7FEA /* CookBook */ = {
			isa = PBXGroup;
			children = (
				BCD109FA1B464C53007E7FEA /* AppDelegate.h */,
				BCD109FB1B464C53007E7FEA /* AppDelegate.m */,
				BCD109FD1B464C54007E7FEA /* Images.xcassets */,
				BCD109FF1B464C54007E7FEA /* LaunchScreen.xib */,
				BCD109F61B464C53007E7FEA /* Supporting Files */,
			);
			path = CookBook;
			sourceTree = "<group>";
		};
		BCD109F61B464C53007E7FEA /* Supporting Files */ = {
			isa = PBXGroup;
			children = (
				BCD109F71B464C53007E7FEA /* Info.plist */,
				BCD109F81B464C53007E7FEA /* main.m */,
			);
			name = "Supporting Files";
			sourceTree = "<group>";
		};
		BCD10A091B464C54007E7FEA /* CookBookTests */ = {
			isa = PBXGroup;
			children = (
				BCD10A0C1B464C54007E7FEA /* CookBookTests.m */,
				BCD10A0A1B464C54007E7FEA /* Supporting Files */,
			);
			path = CookBookTests;
			sourceTree = "<group>";
		};
		BCD10A0A1B464C54007E7FEA /* Supporting Files */ = {
			isa = PBXGroup;
			children = (
				BCD10A0B1B464C54007E7FEA /* Info.plist */,
			);
			name = "Supporting Files";
			sourceTree = "<group>";
		};
/* End PBXGroup section */

/* Begin PBXNativeTarget section */
		BCD109F21B464C53007E7FEA /* CookBook */ = {
			isa = PBXNativeTarget;
			buildConfigurationList = BCD10A101B464C54007E7FEA /* Build configuration list for PBXNativeTarget "CookBook" */;
			buildPhases = (
				BCD109EF1B464C53007E7FEA /* Sources */,
				BCD109F01B464C53007E7FEA /* Frameworks */,
				BCD109F11B464C53007E7FEA /* Resources */,
			);
			buildRules = (
			);
			dependencies = (
			);
			name = CookBook;
			productName = CookBook;
			productReference = BCD109F31B464C53007E7FEA /* CookBook.app */;
			productType = "com.apple.product-type.application";
		};
		BCD10A051B464C54007E7FEA /* CookBookTests */ = {
			isa = PBXNativeTarget;
			buildConfigurationList = BCD10A131B464C54007E7FEA /* Build configuration list for PBXNativeTarget "CookBookTests" */;
			buildPhases = (
				BCD10A021B464C54007E7FEA /* Sources */,
				BCD10A031B464C54007E7FEA /* Frameworks */,
				BCD10A041B464C54007E7FEA /* Resources */,
			);
			buildRules = (
			);
			dependencies = (
				BCD10A081B464C54007E7FEA /* PBXTargetDependency */,
			);
			name = CookBookTests;
			productName = CookBookTests;
			productReference = BCD10A061B464C54007E7FEA /* CookBookTests.xctest */;
			productType = "com.apple.product-type.bundle.unit-test";
		};
/* End PBXNativeTarget section */

/* Begin PBXProject section */
		BCD109EB1B464C53007E7FEA /* Project object */ = {
			isa = PBXProject;
			attributes = {
				LastUpgradeCheck = 0610;
				ORGANIZATIONNAME = FanShuai;
				TargetAttributes = {
					BCD109F21B464C53007E7FEA = {
						CreatedOnToolsVersion = 6.1.1;
					};
					BCD10A051B464C54007E7FEA = {
						CreatedOnToolsVersion = 6.1.1;
						TestTargetID = BCD109F21B464C53007E7FEA;
					};
				};
			};
			buildConfigurationList = BCD109EE1B464C53007E7FEA /* Build configuration list for PBXProject "CookBook" */;
			compatibilityVersion = "Xcode 3.2";
			developmentRegion = English;
			hasScannedForEncodings = 0;
			knownRegions = (
				en,
				Base,
			);
			mainGroup = BCD109EA1B464C53007E7FEA;
			productRefGroup = BCD109F41B464C53007E7FEA /* Products */;
			projectDirPath = "";
			projectRoot = "";
			targets = (
				BCD109F21B464C53007E7FEA /* CookBook */,
				BCD10A051B464C54007E7FEA /* CookBookTests */,
			);
		};
/* End PBXProject section */

/* Begin PBXResourcesBuildPhase section */
		BCD109F11B464C53007E7FEA /* Resources */ = {
			isa = PBXResourcesBuildPhase;
			buildActionMask = 2147483647;
			files = (
				BCD10A011B464C54007E7FEA /* LaunchScreen.xib in Resources */,
				BCD109FE1B464C54007E7FEA /* Images.xcassets in Resources */,
			);
			runOnlyForDeploymentPostprocessing = 0;
		};
		BCD10A041B464C54007E7FEA /* Resources */ = {
			isa = PBXResourcesBuildPhase;
			buildActionMask = 2147483647;
			files = (
			);
			runOnlyForDeploymentPostprocessing = 0;
		};
/* End PBXResourcesBuildPhase section */

/* Begin PBXSourcesBuildPhase section */
		BCD109EF1B464C53007E7FEA /* Sources */ = {
			isa = PBXSourcesBuildPhase;
			buildActionMask = 2147483647;
			files = (
				BCD109FC1B464C53007E7FEA /* AppDelegate.m in Sources */,
				BCD109F91B464C53007E7FEA /* main.m in Sources */,
			);
			runOnlyForDeploymentPostprocessing = 0;
		};
		BCD10A021B464C54007E7FEA /* Sources */ = {
			isa = PBXSourcesBuildPhase;
			buildActionMask = 2147483647;
			files = (
				BCD10A0D1B464C54007E7FEA /* CookBookTests.m in Sources */,
			);
			runOnlyForDeploymentPostprocessing = 0;
		};
/* End PBXSourcesBuildPhase section */

/* Begin PBXTargetDependency section */
		BCD10A081B464C54007E7FEA /* PBXTargetDependency */ = {
			isa = PBXTargetDependency;
			target = BCD109F21B464C53007E7FEA /* CookBook */;
			targetProxy = BCD10A071B464C54007E7FEA /* PBXContainerItemProxy */;
		};
/* End PBXTargetDependency section */

/* Begin PBXVariantGroup section */
		BCD109FF1B464C54007E7FEA /* LaunchScreen.xib */ = {
			isa = PBXVariantGroup;
			children = (
				BCD10A001B464C54007E7FEA /* Base */,
			);
			name = LaunchScreen.xib;
			sourceTree = "<group>";
		};
/* End PBXVariantGroup section */

/* Begin XCBuildConfiguration section */
		BCD10A0E1B464C54007E7FEA /* Debug */ = {
			isa = XCBuildConfiguration;
			buildSettings = {
				ALWAYS_SEARCH_USER_PATHS = NO;
				CLANG_CXX_LANGUAGE_STANDARD = "gnu++0x";
				CLANG_CXX_LIBRARY = "libc++";
				CLANG_ENABLE_MODULES = YES;
				CLANG_ENABLE_OBJC_ARC = YES;
				CLANG_WARN_BOOL_CONVERSION = YES;
				CLANG_WARN_CONSTANT_CONVERSION = YES;
				CLANG_WARN_DIRECT_OBJC_ISA_USAGE = YES_ERROR;
				CLANG_WARN_EMPTY_BODY = YES;
				CLANG_WARN_ENUM_CONVERSION = YES;
				CLANG_WARN_INT_CONVERSION = YES;
				CLANG_WARN_OBJC_ROOT_CLASS = YES_ERROR;
				CLANG_WARN_UNREACHABLE_CODE = YES;
				CLANG_WARN__DUPLICATE_METHOD_MATCH = YES;
				"CODE_SIGN_IDENTITY[sdk=iphoneos*]" = "iPhone Developer";
				COPY_PHASE_STRIP = NO;
				ENABLE_STRICT_OBJC_MSGSEND = YES;
				GCC_C_LANGUAGE_STANDARD = gnu99;
				GCC_DYNAMIC_NO_PIC = NO;
				GCC_OPTIMIZATION_LEVEL = 0;
				GCC_PREPROCESSOR_DEFINITIONS = (
					"DEBUG=1",
					"$(inherited)",
				);
				GCC_SYMBOLS_PRIVATE_EXTERN = NO;
				GCC_WARN_64_TO_32_BIT_CONVERSION = YES;
				GCC_WARN_ABOUT_RETURN_TYPE = YES_ERROR;
				GCC_WARN_UNDECLARED_SELECTOR = YES;
				GCC_WARN_UNINITIALIZED_AUTOS = YES_AGGRESSIVE;
				GCC_WARN_UNUSED_FUNCTION = YES;
				GCC_WARN_UNUSED_VARIABLE = YES;
				IPHONEOS_DEPLOYMENT_TARGET = 8.1;
				MTL_ENABLE_DEBUG_INFO = YES;
				ONLY_ACTIVE_ARCH = YES;
				SDKROOT = iphoneos;
			};
			name = Debug;
		};
		BCD10A0F1B464C54007E7FEA /* Release */ = {
			isa = XCBuildConfiguration;
			buildSettings = {
				ALWAYS_SEARCH_USER_PATHS = NO;
				CLANG_CXX_LANGUAGE_STANDARD = "gnu++0x";
				CLANG_CXX_LIBRARY = "libc++";
				CLANG_ENABLE_MODULES = YES;
				CLANG_ENABLE_OBJC_ARC = YES;
				CLANG_WARN_BOOL_CONVERSION = YES;
				CLANG_WARN_CONSTANT_CONVERSION = YES;
				CLANG_WARN_DIRECT_OBJC_ISA_USAGE = YES_ERROR;
				CLANG_WARN_EMPTY_BODY = YES;
				CLANG_WARN_ENUM_CONVERSION = YES;
				CLANG_WARN_INT_CONVERSION = YES;
				CLANG_WARN_OBJC_ROOT_CLASS = YES_ERROR;
				CLANG_WARN_UNREACHABLE_CODE = YES;
				CLANG_WARN__DUPLICATE_METHOD_MATCH = YES;
				"CODE_SIGN_IDENTITY[sdk=iphoneos*]" = "iPhone Developer";
				COPY_PHASE_STRIP = YES;
				ENABLE_NS_ASSERTIONS = NO;
				ENABLE_STRICT_OBJC_MSGSEND = YES;
				GCC_C_LANGUAGE_STANDARD = gnu99;
				GCC_WARN_64_TO_32_BIT_CONVERSION = YES;
				GCC_WARN_ABOUT_RETURN_TYPE = YES_ERROR;
				GCC_WARN_UNDECLARED_SELECTOR = YES;
				GCC_WARN_UNINITIALIZED_AUTOS = YES_AGGRESSIVE;
				GCC_WARN_UNUSED_FUNCTION = YES;
				GCC_WARN_UNUSED_VARIABLE = YES;
				IPHONEOS_DEPLOYMENT_TARGET = 8.1;
				MTL_ENABLE_DEBUG_INFO = NO;
				SDKROOT = iphoneos;
				VALIDATE_PRODUCT = YES;
			};
			name = Release;
		};
		BCD10A111B464C54007E7FEA /* Debug */ = {
			isa = XCBuildConfiguration;
			buildSettings = {
				ASSETCATALOG_COMPILER_APPICON_NAME = AppIcon;
				INFOPLIST_FILE = CookBook/Info.plist;
				LD_RUNPATH_SEARCH_PATHS = "$(inherited) @executable_path/Frameworks";
				PRODUCT_NAME = "$(TARGET_NAME)";
			};
			name = Debug;
		};
		BCD10A121B464C54007E7FEA /* Release */ = {
			isa = XCBuildConfiguration;
			buildSettings = {
				ASSETCATALOG_COMPILER_APPICON_NAME = AppIcon;
				INFOPLIST_FILE = CookBook/Info.plist;
				LD_RUNPATH_SEARCH_PATHS = "$(inherited) @executable_path/Frameworks";
				PRODUCT_NAME = "$(TARGET_NAME)";
			};
			name = Release;
		};
		BCD10A141B464C54007E7FEA /* Debug */ = {
			isa = XCBuildConfiguration;
			buildSettings = {
				BUNDLE_LOADER = "$(TEST_HOST)";
				FRAMEWORK_SEARCH_PATHS = (
					"$(SDKROOT)/Developer/Library/Frameworks",
					"$(inherited)",
				);
				GCC_PREPROCESSOR_DEFINITIONS = (
					"DEBUG=1",
					"$(inherited)",
				);
				INFOPLIST_FILE = CookBookTests/Info.plist;
				LD_RUNPATH_SEARCH_PATHS = "$(inherited) @executable_path/Frameworks @loader_path/Frameworks";
				PRODUCT_NAME = "$(TARGET_NAME)";
				TEST_HOST = "$(BUILT_PRODUCTS_DIR)/CookBook.app/CookBook";
			};
			name = Debug;
		};
		BCD10A151B464C54007E7FEA /* Release */ = {
			isa = XCBuildConfiguration;
			buildSettings = {
				BUNDLE_LOADER = "$(TEST_HOST)";
				FRAMEWORK_SEARCH_PATHS = (
					"$(SDKROOT)/Developer/Library/Frameworks",
					"$(inherited)",
				);
				INFOPLIST_FILE = CookBookTests/Info.plist;
				LD_RUNPATH_SEARCH_PATHS = "$(inherited) @executable_path/Frameworks @loader_path/Frameworks";
				PRODUCT_NAME = "$(TARGET_NAME)";
				TEST_HOST = "$(BUILT_PRODUCTS_DIR)/CookBook.app/CookBook";
			};
			name = Release;
		};
/* End XCBuildConfiguration section */

/* Begin XCConfigurationList section */
		BCD109EE1B464C53007E7FEA /* Build configuration list for PBXProject "CookBook" */ = {
			isa = XCConfigurationList;
			buildConfigurations = (
				BCD10A0E1B464C54007E7FEA /* Debug */,
				BCD10A0F1B464C54007E7FEA /* Release */,
			);
			defaultConfigurationIsVisible = 0;
			defaultConfigurationName = Release;
		};
		BCD10A101B464C54007E7FEA /* Build configuration list for PBXNativeTarget "CookBook" */ = {
			isa = XCConfigurationList;
			buildConfigurations = (
				BCD10A111B464C54007E7FEA /* Debug */,
				BCD10A121B464C54007E7FEA /* Release */,
			);
			defaultConfigurationIsVisible = 0;
		};
		BCD10A131B464C54007E7FEA /* Build configuration list for PBXNativeTarget "CookBookTests" */ = {
			isa = XCConfigurationList;
			buildConfigurations = (
				BCD10A141B464C54007E7FEA /* Debug */,
				BCD10A151B464C54007E7FEA /* Release */,
			);
			defaultConfigurationIsVisible = 0;
		};
/* End XCConfigurationList section */
	};
	rootObject = BCD109EB1B464C53007E7FEA /* Project object */;
}
